
Microsoft Visual Studio Solution File, Format Version 12.00
Project("{FAE04EC0-301F-11D3-BF4B-00C04F79EFBC}") = "Mir2-v2_WebApi", "Mir2-v2_WebApi\Mir2-v2_WebApi.csproj", "{BF098393-638C-4C03-8742-42F3DEA4C4C2}"
EndProject
Global
	GlobalSection(SolutionConfigurationPlatforms) = preSolution
		Debug|Any CPU = Debug|Any CPU
		Release|Any CPU = Release|Any CPU
	EndGlobalSection
	GlobalSection(ProjectConfigurationPlatforms) = postSolution
		{BF098393-638C-4C03-8742-42F3DEA4C4C2}.Debug|Any CPU.ActiveCfg = Debug|Any CPU
		{BF098393-638C-4C03-8742-42F3DEA4C4C2}.Debug|Any CPU.Build.0 = Debug|Any CPU
		{BF098393-638C-4C03-8742-42F3DEA4C4C2}.Release|Any CPU.ActiveCfg = Release|Any CPU
		{BF098393-638C-4C03-8742-42F3DEA4C4C2}.Release|Any CPU.Build.0 = Release|Any CPU
	EndGlobalSection
EndGlobal
